
Microsoft Visual Studio Solution File, Format Version 12.00
# Visual Studio Version 17
VisualStudioVersion = 17.8.34330.188
MinimumVisualStudioVersion = 10.0.40219.1
Project("{FAE04EC0-301F-11D3-BF4B-00C04F79EFBC}") = "MauiAppDemo", "MauiAppDemo.csproj", "{42CD0E14-7F9E-4AF6-8B02-7BEE24E8B21F}"
EndProject
Global
	GlobalSection(SolutionConfigurationPlatforms) = preSolution
		Debug|Any CPU = Debug|Any CPU
		Release|Any CPU = Release|Any CPU
	EndGlobalSection
	GlobalSection(ProjectConfigurationPlatforms) = postSolution
		{42CD0E14-7F9E-4AF6-8B02-7BEE24E8B21F}.Debug|Any CPU.ActiveCfg = Debug|Any CPU
		{42CD0E14-7F9E-4AF6-8B02-7BEE24E8B21F}.Debug|Any CPU.Build.0 = Debug|Any CPU
		{42CD0E14-7F9E-4AF6-8B02-7BEE24E8B21F}.Debug|Any CPU.Deploy.0 = Debug|Any CPU
		{42CD0E14-7F9E-4AF6-8B02-7BEE24E8B21F}.Release|Any CPU.ActiveCfg = Release|Any CPU
		{42CD0E14-7F9E-4AF6-8B02-7BEE24E8B21F}.Release|Any CPU.Build.0 = Release|Any CPU
		{42CD0E14-7F9E-4AF6-8B02-7BEE24E8B21F}.Release|Any CPU.Deploy.0 = Release|Any CPU
	EndGlobalSection
	GlobalSection(SolutionProperties) = preSolution
		HideSolutionNode = FALSE
	EndGlobalSection
	GlobalSection(ExtensibilityGlobals) = postSolution
		SolutionGuid = {8C90052A-FB1E-4322-A4FA-D9812E500D4A}
	EndGlobalSection
EndGlobal
